// !$*UTF8*$!
{
	archiveVersion = 1;
	classes = {
	};
	objectVersion = 46;
	objects = {

/* Begin PBXBuildFile section */
		B214D8561B751789009DCDE0 /* MMDrawerBarButtonItem.m in Sources */ = {isa = PBXBuildFile; fileRef = B214D84E1B751789009DCDE0 /* MMDrawerBarButtonItem.m */; };
		B214D8571B751789009DCDE0 /* MMDrawerController.m in Sources */ = {isa = PBXBuildFile; fileRef = B214D8501B751789009DCDE0 /* MMDrawerController.m */; };
		B214D8581B751789009DCDE0 /* MMDrawerVisualState.m in Sources */ = {isa = PBXBuildFile; fileRef = B214D8531B751789009DCDE0 /* MMDrawerVisualState.m */; };
		B214D8591B751789009DCDE0 /* UIViewController+MMDrawerController.m in Sources */ = {isa = PBXBuildFile; fileRef = B214D8551B751789009DCDE0 /* UIViewController+MMDrawerController.m */; };
		B2351BAE1B72C7D200B97A40 /* AppDelegate.swift in Sources */ = {isa = PBXBuildFile; fileRef = B2351BAD1B72C7D200B97A40 /* AppDelegate.swift */; };
		B2351BB01B72C7D200B97A40 /* ViewController.swift in Sources */ = {isa = PBXBuildFile; fileRef = B2351BAF1B72C7D200B97A40 /* ViewController.swift */; };
		B2351BB31B72C7D200B97A40 /* Main.storyboard in Resources */ = {isa = PBXBuildFile; fileRef = B2351BB11B72C7D200B97A40 /* Main.storyboard */; };
		B2351BB61B72C7D200B97A40 /* ImagePocket.xcdatamodeld in Sources */ = {isa = PBXBuildFile; fileRef = B2351BB41B72C7D200B97A40 /* ImagePocket.xcdatamodeld */; };
		B2351BB81B72C7D200B97A40 /* Assets.xcassets in Resources */ = {isa = PBXBuildFile; fileRef = B2351BB71B72C7D200B97A40 /* Assets.xcassets */; };
		B2351BBB1B72C7D200B97A40 /* LaunchScreen.storyboard in Resources */ = {isa = PBXBuildFile; fileRef = B2351BB91B72C7D200B97A40 /* LaunchScreen.storyboard */; };
		B2351BC61B72C7D200B97A40 /* ImagePocketTests.swift in Sources */ = {isa = PBXBuildFile; fileRef = B2351BC51B72C7D200B97A40 /* ImagePocketTests.swift */; };
		B24C623E1B751F9100DB51F8 /* LeftSideViewController.swift in Sources */ = {isa = PBXBuildFile; fileRef = B24C623D1B751F9100DB51F8 /* LeftSideViewController.swift */; };
		B2E5E74F1B77789700775C9B /* TagEntity.swift in Sources */ = {isa = PBXBuildFile; fileRef = B2E5E74E1B77789700775C9B /* TagEntity.swift */; };
		B2E5E7521B77790300775C9B /* TagCache.swift in Sources */ = {isa = PBXBuildFile; fileRef = B2E5E7511B77790300775C9B /* TagCache.swift */; };
		B2E5E7541B77B0C300775C9B /* TagTableViewCell.swift in Sources */ = {isa = PBXBuildFile; fileRef = B2E5E7531B77B0C300775C9B /* TagTableViewCell.swift */; };
		B2E5E7571B77B56700775C9B /* StringExtensions.swift in Sources */ = {isa = PBXBuildFile; fileRef = B2E5E7561B77B56700775C9B /* StringExtensions.swift */; };
/* End PBXBuildFile section */

/* Begin PBXContainerItemProxy section */
		B2351BC21B72C7D200B97A40 /* PBXContainerItemProxy */ = {
			isa = PBXContainerItemProxy;
			containerPortal = B2351BA21B72C7D200B97A40 /* Project object */;
			proxyType = 1;
			remoteGlobalIDString = B2351BA91B72C7D200B97A40;
			remoteInfo = ImagePocket;
		};
/* End PBXContainerItemProxy section */

/* Begin PBXFileReference section */
		B214D84D1B751789009DCDE0 /* MMDrawerBarButtonItem.h */ = {isa = PBXFileReference; fileEncoding = 4; lastKnownFileType = sourcecode.c.h; path = MMDrawerBarButtonItem.h; sourceTree = "<group>"; };
		B214D84E1B751789009DCDE0 /* MMDrawerBarButtonItem.m */ = {isa = PBXFileReference; fileEncoding = 4; lastKnownFileType = sourcecode.c.objc; path = MMDrawerBarButtonItem.m; sourceTree = "<group>"; };
		B214D84F1B751789009DCDE0 /* MMDrawerController.h */ = {isa = PBXFileReference; fileEncoding = 4; lastKnownFileType = sourcecode.c.h; path = MMDrawerController.h; sourceTree = "<group>"; };
		B214D8501B751789009DCDE0 /* MMDrawerController.m */ = {isa = PBXFileReference; fileEncoding = 4; lastKnownFileType = sourcecode.c.objc; path = MMDrawerController.m; sourceTree = "<group>"; };
		B214D8511B751789009DCDE0 /* MMDrawerController+Subclass.h */ = {isa = PBXFileReference; fileEncoding = 4; lastKnownFileType = sourcecode.c.h; path = "MMDrawerController+Subclass.h"; sourceTree = "<group>"; };
		B214D8521B751789009DCDE0 /* MMDrawerVisualState.h */ = {isa = PBXFileReference; fileEncoding = 4; lastKnownFileType = sourcecode.c.h; path = MMDrawerVisualState.h; sourceTree = "<group>"; };
		B214D8531B751789009DCDE0 /* MMDrawerVisualState.m */ = {isa = PBXFileReference; fileEncoding = 4; lastKnownFileType = sourcecode.c.objc; path = MMDrawerVisualState.m; sourceTree = "<group>"; };
		B214D8541B751789009DCDE0 /* UIViewController+MMDrawerController.h */ = {isa = PBXFileReference; fileEncoding = 4; lastKnownFileType = sourcecode.c.h; path = "UIViewController+MMDrawerController.h"; sourceTree = "<group>"; };
		B214D8551B751789009DCDE0 /* UIViewController+MMDrawerController.m */ = {isa = PBXFileReference; fileEncoding = 4; lastKnownFileType = sourcecode.c.objc; path = "UIViewController+MMDrawerController.m"; sourceTree = "<group>"; };
		B2351BAA1B72C7D200B97A40 /* ImagePocket.app */ = {isa = PBXFileReference; explicitFileType = wrapper.application; includeInIndex = 0; path = ImagePocket.app; sourceTree = BUILT_PRODUCTS_DIR; };
		B2351BAD1B72C7D200B97A40 /* AppDelegate.swift */ = {isa = PBXFileReference; lastKnownFileType = sourcecode.swift; path = AppDelegate.swift; sourceTree = "<group>"; };
		B2351BAF1B72C7D200B97A40 /* ViewController.swift */ = {isa = PBXFileReference; lastKnownFileType = sourcecode.swift; path = ViewController.swift; sourceTree = "<group>"; };
		B2351BB21B72C7D200B97A40 /* Base */ = {isa = PBXFileReference; lastKnownFileType = file.storyboard; name = Base; path = Base.lproj/Main.storyboard; sourceTree = "<group>"; };
		B2351BB51B72C7D200B97A40 /* ImagePocket.xcdatamodel */ = {isa = PBXFileReference; lastKnownFileType = wrapper.xcdatamodel; path = ImagePocket.xcdatamodel; sourceTree = "<group>"; };
		B2351BB71B72C7D200B97A40 /* Assets.xcassets */ = {isa = PBXFileReference; lastKnownFileType = folder.assetcatalog; path = Assets.xcassets; sourceTree = "<group>"; };
		B2351BBA1B72C7D200B97A40 /* Base */ = {isa = PBXFileReference; lastKnownFileType = file.storyboard; name = Base; path = Base.lproj/LaunchScreen.storyboard; sourceTree = "<group>"; };
		B2351BBC1B72C7D200B97A40 /* Info.plist */ = {isa = PBXFileReference; lastKnownFileType = text.plist.xml; path = Info.plist; sourceTree = "<group>"; };
		B2351BC11B72C7D200B97A40 /* ImagePocketTests.xctest */ = {isa = PBXFileReference; explicitFileType = wrapper.cfbundle; includeInIndex = 0; path = ImagePocketTests.xctest; sourceTree = BUILT_PRODUCTS_DIR; };
		B2351BC51B72C7D200B97A40 /* ImagePocketTests.swift */ = {isa = PBXFileReference; lastKnownFileType = sourcecode.swift; path = ImagePocketTests.swift; sourceTree = "<group>"; };
		B2351BC71B72C7D200B97A40 /* Info.plist */ = {isa = PBXFileReference; lastKnownFileType = text.plist.xml; path = Info.plist; sourceTree = "<group>"; };
		B24C623B1B7517F500DB51F8 /* ImagePocket-Bridging-Header.h */ = {isa = PBXFileReference; fileEncoding = 4; lastKnownFileType = sourcecode.c.h; path = "ImagePocket-Bridging-Header.h"; sourceTree = "<group>"; };
		B24C623D1B751F9100DB51F8 /* LeftSideViewController.swift */ = {isa = PBXFileReference; fileEncoding = 4; lastKnownFileType = sourcecode.swift; path = LeftSideViewController.swift; sourceTree = "<group>"; };
		B2E5E74E1B77789700775C9B /* TagEntity.swift */ = {isa = PBXFileReference; fileEncoding = 4; lastKnownFileType = sourcecode.swift; path = TagEntity.swift; sourceTree = "<group>"; };
		B2E5E7511B77790300775C9B /* TagCache.swift */ = {isa = PBXFileReference; fileEncoding = 4; lastKnownFileType = sourcecode.swift; path = TagCache.swift; sourceTree = "<group>"; };
		B2E5E7531B77B0C300775C9B /* TagTableViewCell.swift */ = {isa = PBXFileReference; fileEncoding = 4; lastKnownFileType = sourcecode.swift; path = TagTableViewCell.swift; sourceTree = "<group>"; };
		B2E5E7561B77B56700775C9B /* StringExtensions.swift */ = {isa = PBXFileReference; fileEncoding = 4; lastKnownFileType = sourcecode.swift; path = StringExtensions.swift; sourceTree = "<group>"; };
/* End PBXFileReference section */

/* Begin PBXFrameworksBuildPhase section */
		B2351BA71B72C7D200B97A40 /* Frameworks */ = {
			isa = PBXFrameworksBuildPhase;
			buildActionMask = 2147483647;
			files = (
			);
			runOnlyForDeploymentPostprocessing = 0;
		};
		B2351BBE1B72C7D200B97A40 /* Frameworks */ = {
			isa = PBXFrameworksBuildPhase;
			buildActionMask = 2147483647;
			files = (
			);
			runOnlyForDeploymentPostprocessing = 0;
		};
/* End PBXFrameworksBuildPhase section */

/* Begin PBXGroup section */
		B214D84C1B751762009DCDE0 /* SideMenu */ = {
			isa = PBXGroup;
			children = (
				B24C623B1B7517F500DB51F8 /* ImagePocket-Bridging-Header.h */,
				B214D84D1B751789009DCDE0 /* MMDrawerBarButtonItem.h */,
				B214D84E1B751789009DCDE0 /* MMDrawerBarButtonItem.m */,
				B214D84F1B751789009DCDE0 /* MMDrawerController.h */,
				B214D8501B751789009DCDE0 /* MMDrawerController.m */,
				B214D8511B751789009DCDE0 /* MMDrawerController+Subclass.h */,
				B214D8521B751789009DCDE0 /* MMDrawerVisualState.h */,
				B214D8531B751789009DCDE0 /* MMDrawerVisualState.m */,
				B214D8541B751789009DCDE0 /* UIViewController+MMDrawerController.h */,
				B214D8551B751789009DCDE0 /* UIViewController+MMDrawerController.m */,
			);
			name = SideMenu;
			sourceTree = "<group>";
		};
		B2351BA11B72C7D200B97A40 = {
			isa = PBXGroup;
			children = (
				B2351BAC1B72C7D200B97A40 /* ImagePocket */,
				B2351BC41B72C7D200B97A40 /* ImagePocketTests */,
				B2351BAB1B72C7D200B97A40 /* Products */,
			);
			sourceTree = "<group>";
		};
		B2351BAB1B72C7D200B97A40 /* Products */ = {
			isa = PBXGroup;
			children = (
				B2351BAA1B72C7D200B97A40 /* ImagePocket.app */,
				B2351BC11B72C7D200B97A40 /* ImagePocketTests.xctest */,
			);
			name = Products;
			sourceTree = "<group>";
		};
		B2351BAC1B72C7D200B97A40 /* ImagePocket */ = {
			isa = PBXGroup;
			children = (
				B2E5E7551B77B54600775C9B /* Core */,
				B2E5E74C1B77784200775C9B /* Domain */,
				B24C623C1B751F4C00DB51F8 /* ViewControllers */,
				B214D84C1B751762009DCDE0 /* SideMenu */,
				B2351BAD1B72C7D200B97A40 /* AppDelegate.swift */,
				B2351BB11B72C7D200B97A40 /* Main.storyboard */,
				B2351BB71B72C7D200B97A40 /* Assets.xcassets */,
				B2351BB91B72C7D200B97A40 /* LaunchScreen.storyboard */,
				B2351BBC1B72C7D200B97A40 /* Info.plist */,
				B2351BB41B72C7D200B97A40 /* ImagePocket.xcdatamodeld */,
			);
			path = ImagePocket;
			sourceTree = "<group>";
		};
		B2351BC41B72C7D200B97A40 /* ImagePocketTests */ = {
			isa = PBXGroup;
			children = (
				B2351BC51B72C7D200B97A40 /* ImagePocketTests.swift */,
				B2351BC71B72C7D200B97A40 /* Info.plist */,
			);
			path = ImagePocketTests;
			sourceTree = "<group>";
		};
		B24C623C1B751F4C00DB51F8 /* ViewControllers */ = {
			isa = PBXGroup;
			children = (
				B2351BAF1B72C7D200B97A40 /* ViewController.swift */,
				B24C623D1B751F9100DB51F8 /* LeftSideViewController.swift */,
				B2E5E7531B77B0C300775C9B /* TagTableViewCell.swift */,
			);
			name = ViewControllers;
			sourceTree = "<group>";
		};
		B2E5E74C1B77784200775C9B /* Domain */ = {
			isa = PBXGroup;
			children = (
				B2E5E7501B7778EA00775C9B /* Caches */,
				B2E5E74D1B77785800775C9B /* Entities */,
			);
			name = Domain;
			sourceTree = "<group>";
		};
		B2E5E74D1B77785800775C9B /* Entities */ = {
			isa = PBXGroup;
			children = (
				B2E5E74E1B77789700775C9B /* TagEntity.swift */,
			);
			name = Entities;
			sourceTree = "<group>";
		};
		B2E5E7501B7778EA00775C9B /* Caches */ = {
			isa = PBXGroup;
			children = (
				B2E5E7511B77790300775C9B /* TagCache.swift */,
			);
			name = Caches;
			sourceTree = "<group>";
		};
		B2E5E7551B77B54600775C9B /* Core */ = {
			isa = PBXGroup;
			children = (
				B2E5E7561B77B56700775C9B /* StringExtensions.swift */,
			);
			name = Core;
			sourceTree = "<group>";
		};
/* End PBXGroup section */

/* Begin PBXNativeTarget section */
		B2351BA91B72C7D200B97A40 /* ImagePocket */ = {
			isa = PBXNativeTarget;
			buildConfigurationList = B2351BCA1B72C7D200B97A40 /* Build configuration list for PBXNativeTarget "ImagePocket" */;
			buildPhases = (
				B2351BA61B72C7D200B97A40 /* Sources */,
				B2351BA71B72C7D200B97A40 /* Frameworks */,
				B2351BA81B72C7D200B97A40 /* Resources */,
			);
			buildRules = (
			);
			dependencies = (
			);
			name = ImagePocket;
			productName = ImagePocket;
			productReference = B2351BAA1B72C7D200B97A40 /* ImagePocket.app */;
			productType = "com.apple.product-type.application";
		};
		B2351BC01B72C7D200B97A40 /* ImagePocketTests */ = {
			isa = PBXNativeTarget;
			buildConfigurationList = B2351BCD1B72C7D200B97A40 /* Build configuration list for PBXNativeTarget "ImagePocketTests" */;
			buildPhases = (
				B2351BBD1B72C7D200B97A40 /* Sources */,
				B2351BBE1B72C7D200B97A40 /* Frameworks */,
				B2351BBF1B72C7D200B97A40 /* Resources */,
			);
			buildRules = (
			);
			dependencies = (
				B2351BC31B72C7D200B97A40 /* PBXTargetDependency */,
			);
			name = ImagePocketTests;
			productName = ImagePocketTests;
			productReference = B2351BC11B72C7D200B97A40 /* ImagePocketTests.xctest */;
			productType = "com.apple.product-type.bundle.unit-test";
		};
/* End PBXNativeTarget section */

/* Begin PBXProject section */
		B2351BA21B72C7D200B97A40 /* Project object */ = {
			isa = PBXProject;
			attributes = {
				LastSwiftUpdateCheck = 0700;
				LastUpgradeCheck = 0700;
				ORGANIZATIONNAME = Serjo;
				TargetAttributes = {
					B2351BA91B72C7D200B97A40 = {
						CreatedOnToolsVersion = 7.0;
					};
					B2351BC01B72C7D200B97A40 = {
						CreatedOnToolsVersion = 7.0;
						TestTargetID = B2351BA91B72C7D200B97A40;
					};
				};
			};
			buildConfigurationList = B2351BA51B72C7D200B97A40 /* Build configuration list for PBXProject "ImagePocket" */;
			compatibilityVersion = "Xcode 3.2";
			developmentRegion = English;
			hasScannedForEncodings = 0;
			knownRegions = (
				en,
				Base,
			);
			mainGroup = B2351BA11B72C7D200B97A40;
			productRefGroup = B2351BAB1B72C7D200B97A40 /* Products */;
			projectDirPath = "";
			projectRoot = "";
			targets = (
				B2351BA91B72C7D200B97A40 /* ImagePocket */,
				B2351BC01B72C7D200B97A40 /* ImagePocketTests */,
			);
		};
/* End PBXProject section */

/* Begin PBXResourcesBuildPhase section */
		B2351BA81B72C7D200B97A40 /* Resources */ = {
			isa = PBXResourcesBuildPhase;
			buildActionMask = 2147483647;
			files = (
				B2351BBB1B72C7D200B97A40 /* LaunchScreen.storyboard in Resources */,
				B2351BB81B72C7D200B97A40 /* Assets.xcassets in Resources */,
				B2351BB31B72C7D200B97A40 /* Main.storyboard in Resources */,
			);
			runOnlyForDeploymentPostprocessing = 0;
		};
		B2351BBF1B72C7D200B97A40 /* Resources */ = {
			isa = PBXResourcesBuildPhase;
			buildActionMask = 2147483647;
			files = (
			);
			runOnlyForDeploymentPostprocessing = 0;
		};
/* End PBXResourcesBuildPhase section */

/* Begin PBXSourcesBuildPhase section */
		B2351BA61B72C7D200B97A40 /* Sources */ = {
			isa = PBXSourcesBuildPhase;
			buildActionMask = 2147483647;
			files = (
				B2E5E7571B77B56700775C9B /* StringExtensions.swift in Sources */,
				B214D8581B751789009DCDE0 /* MMDrawerVisualState.m in Sources */,
				B2351BB01B72C7D200B97A40 /* ViewController.swift in Sources */,
				B214D8591B751789009DCDE0 /* UIViewController+MMDrawerController.m in Sources */,
				B214D8571B751789009DCDE0 /* MMDrawerController.m in Sources */,
				B214D8561B751789009DCDE0 /* MMDrawerBarButtonItem.m in Sources */,
				B2351BB61B72C7D200B97A40 /* ImagePocket.xcdatamodeld in Sources */,
				B2E5E7541B77B0C300775C9B /* TagTableViewCell.swift in Sources */,
				B2E5E74F1B77789700775C9B /* TagEntity.swift in Sources */,
				B24C623E1B751F9100DB51F8 /* LeftSideViewController.swift in Sources */,
				B2351BAE1B72C7D200B97A40 /* AppDelegate.swift in Sources */,
				B2E5E7521B77790300775C9B /* TagCache.swift in Sources */,
			);
			runOnlyForDeploymentPostprocessing = 0;
		};
		B2351BBD1B72C7D200B97A40 /* Sources */ = {
			isa = PBXSourcesBuildPhase;
			buildActionMask = 2147483647;
			files = (
				B2351BC61B72C7D200B97A40 /* ImagePocketTests.swift in Sources */,
			);
			runOnlyForDeploymentPostprocessing = 0;
		};
/* End PBXSourcesBuildPhase section */

/* Begin PBXTargetDependency section */
		B2351BC31B72C7D200B97A40 /* PBXTargetDependency */ = {
			isa = PBXTargetDependency;
			target = B2351BA91B72C7D200B97A40 /* ImagePocket */;
			targetProxy = B2351BC21B72C7D200B97A40 /* PBXContainerItemProxy */;
		};
/* End PBXTargetDependency section */

/* Begin PBXVariantGroup section */
		B2351BB11B72C7D200B97A40 /* Main.storyboard */ = {
			isa = PBXVariantGroup;
			children = (
				B2351BB21B72C7D200B97A40 /* Base */,
			);
			name = Main.storyboard;
			sourceTree = "<group>";
		};
		B2351BB91B72C7D200B97A40 /* LaunchScreen.storyboard */ = {
			isa = PBXVariantGroup;
			children = (
				B2351BBA1B72C7D200B97A40 /* Base */,
			);
			name = LaunchScreen.storyboard;
			sourceTree = "<group>";
		};
/* End PBXVariantGroup section */

/* Begin XCBuildConfiguration section */
		B2351BC81B72C7D200B97A40 /* Debug */ = {
			isa = XCBuildConfiguration;
			buildSettings = {
				ALWAYS_SEARCH_USER_PATHS = NO;
				CLANG_CXX_LANGUAGE_STANDARD = "gnu++0x";
				CLANG_CXX_LIBRARY = "libc++";
				CLANG_ENABLE_MODULES = YES;
				CLANG_ENABLE_OBJC_ARC = YES;
				CLANG_WARN_BOOL_CONVERSION = YES;
				CLANG_WARN_CONSTANT_CONVERSION = YES;
				CLANG_WARN_DIRECT_OBJC_ISA_USAGE = YES_ERROR;
				CLANG_WARN_EMPTY_BODY = YES;
				CLANG_WARN_ENUM_CONVERSION = YES;
				CLANG_WARN_INT_CONVERSION = YES;
				CLANG_WARN_OBJC_ROOT_CLASS = YES_ERROR;
				CLANG_WARN_UNREACHABLE_CODE = YES;
				CLANG_WARN__DUPLICATE_METHOD_MATCH = YES;
				"CODE_SIGN_IDENTITY[sdk=iphoneos*]" = "iPhone Developer";
				COPY_PHASE_STRIP = NO;
				DEBUG_INFORMATION_FORMAT = dwarf;
				ENABLE_STRICT_OBJC_MSGSEND = YES;
				ENABLE_TESTABILITY = YES;
				GCC_C_LANGUAGE_STANDARD = gnu99;
				GCC_DYNAMIC_NO_PIC = NO;
				GCC_NO_COMMON_BLOCKS = YES;
				GCC_OPTIMIZATION_LEVEL = 0;
				GCC_PREPROCESSOR_DEFINITIONS = (
					"DEBUG=1",
					"$(inherited)",
				);
				GCC_WARN_64_TO_32_BIT_CONVERSION = YES;
				GCC_WARN_ABOUT_RETURN_TYPE = YES_ERROR;
				GCC_WARN_UNDECLARED_SELECTOR = YES;
				GCC_WARN_UNINITIALIZED_AUTOS = YES_AGGRESSIVE;
				GCC_WARN_UNUSED_FUNCTION = YES;
				GCC_WARN_UNUSED_VARIABLE = YES;
				IPHONEOS_DEPLOYMENT_TARGET = 9.0;
				MTL_ENABLE_DEBUG_INFO = YES;
				ONLY_ACTIVE_ARCH = YES;
				SDKROOT = iphoneos;
				SWIFT_OPTIMIZATION_LEVEL = "-Onone";
				TARGETED_DEVICE_FAMILY = 2;
			};
			name = Debug;
		};
		B2351BC91B72C7D200B97A40 /* Release */ = {
			isa = XCBuildConfiguration;
			buildSettings = {
				ALWAYS_SEARCH_USER_PATHS = NO;
				CLANG_CXX_LANGUAGE_STANDARD = "gnu++0x";
				CLANG_CXX_LIBRARY = "libc++";
				CLANG_ENABLE_MODULES = YES;
				CLANG_ENABLE_OBJC_ARC = YES;
				CLANG_WARN_BOOL_CONVERSION = YES;
				CLANG_WARN_CONSTANT_CONVERSION = YES;
				CLANG_WARN_DIRECT_OBJC_ISA_USAGE = YES_ERROR;
				CLANG_WARN_EMPTY_BODY = YES;
				CLANG_WARN_ENUM_CONVERSION = YES;
				CLANG_WARN_INT_CONVERSION = YES;
				CLANG_WARN_OBJC_ROOT_CLASS = YES_ERROR;
				CLANG_WARN_UNREACHABLE_CODE = YES;
				CLANG_WARN__DUPLICATE_METHOD_MATCH = YES;
				"CODE_SIGN_IDENTITY[sdk=iphoneos*]" = "iPhone Developer";
				COPY_PHASE_STRIP = NO;
				DEBUG_INFORMATION_FORMAT = "dwarf-with-dsym";
				ENABLE_NS_ASSERTIONS = NO;
				ENABLE_STRICT_OBJC_MSGSEND = YES;
				GCC_C_LANGUAGE_STANDARD = gnu99;
				GCC_NO_COMMON_BLOCKS = YES;
				GCC_WARN_64_TO_32_BIT_CONVERSION = YES;
				GCC_WARN_ABOUT_RETURN_TYPE = YES_ERROR;
				GCC_WARN_UNDECLARED_SELECTOR = YES;
				GCC_WARN_UNINITIALIZED_AUTOS = YES_AGGRESSIVE;
				GCC_WARN_UNUSED_FUNCTION = YES;
				GCC_WARN_UNUSED_VARIABLE = YES;
				IPHONEOS_DEPLOYMENT_TARGET = 9.0;
				MTL_ENABLE_DEBUG_INFO = NO;
				SDKROOT = iphoneos;
				TARGETED_DEVICE_FAMILY = 2;
				VALIDATE_PRODUCT = YES;
			};
			name = Release;
		};
		B2351BCB1B72C7D200B97A40 /* Debug */ = {
			isa = XCBuildConfiguration;
			buildSettings = {
				ASSETCATALOG_COMPILER_APPICON_NAME = AppIcon;
				CLANG_ENABLE_MODULES = YES;
				INFOPLIST_FILE = ImagePocket/Info.plist;
				IPHONEOS_DEPLOYMENT_TARGET = 8.4;
				LD_RUNPATH_SEARCH_PATHS = "$(inherited) @executable_path/Frameworks";
				PRODUCT_BUNDLE_IDENTIFIER = org.nelibur.ImagePocket;
				PRODUCT_NAME = "$(TARGET_NAME)";
				SWIFT_OBJC_BRIDGING_HEADER = "ImagePocket/ImagePocket-Bridging-Header.h";
				SWIFT_OPTIMIZATION_LEVEL = "-Onone";
				TARGETED_DEVICE_FAMILY = 2;
			};
			name = Debug;
		};
		B2351BCC1B72C7D200B97A40 /* Release */ = {
			isa = XCBuildConfiguration;
			buildSettings = {
				ASSETCATALOG_COMPILER_APPICON_NAME = AppIcon;
				CLANG_ENABLE_MODULES = YES;
				INFOPLIST_FILE = ImagePocket/Info.plist;
				IPHONEOS_DEPLOYMENT_TARGET = 8.4;
				LD_RUNPATH_SEARCH_PATHS = "$(inherited) @executable_path/Frameworks";
				PRODUCT_BUNDLE_IDENTIFIER = org.nelibur.ImagePocket;
				PRODUCT_NAME = "$(TARGET_NAME)";
				SWIFT_OBJC_BRIDGING_HEADER = "ImagePocket/ImagePocket-Bridging-Header.h";
				TARGETED_DEVICE_FAMILY = 2;
			};
			name = Release;
		};
		B2351BCE1B72C7D200B97A40 /* Debug */ = {
			isa = XCBuildConfiguration;
			buildSettings = {
				BUNDLE_LOADER = "$(TEST_HOST)";
				CLANG_ENABLE_MODULES = YES;
				INFOPLIST_FILE = ImagePocketTests/Info.plist;
				LD_RUNPATH_SEARCH_PATHS = "$(inherited) @executable_path/Frameworks @loader_path/Frameworks";
				PRODUCT_BUNDLE_IDENTIFIER = org.nelibur.ImagePocketTests;
				PRODUCT_NAME = "$(TARGET_NAME)";
				SWIFT_OBJC_BRIDGING_HEADER = "ImagePocket/ImagePocketTests-Bridging-Header.h";
				SWIFT_OPTIMIZATION_LEVEL = "-Onone";
				TEST_HOST = "$(BUILT_PRODUCTS_DIR)/ImagePocket.app/ImagePocket";
			};
			name = Debug;
		};
		B2351BCF1B72C7D200B97A40 /* Release */ = {
			isa = XCBuildConfiguration;
			buildSettings = {
				BUNDLE_LOADER = "$(TEST_HOST)";
				CLANG_ENABLE_MODULES = YES;
				INFOPLIST_FILE = ImagePocketTests/Info.plist;
				LD_RUNPATH_SEARCH_PATHS = "$(inherited) @executable_path/Frameworks @loader_path/Frameworks";
				PRODUCT_BUNDLE_IDENTIFIER = org.nelibur.ImagePocketTests;
				PRODUCT_NAME = "$(TARGET_NAME)";
				SWIFT_OBJC_BRIDGING_HEADER = "ImagePocket/ImagePocketTests-Bridging-Header.h";
				TEST_HOST = "$(BUILT_PRODUCTS_DIR)/ImagePocket.app/ImagePocket";
			};
			name = Release;
		};
/* End XCBuildConfiguration section */

/* Begin XCConfigurationList section */
		B2351BA51B72C7D200B97A40 /* Build configuration list for PBXProject "ImagePocket" */ = {
			isa = XCConfigurationList;
			buildConfigurations = (
				B2351BC81B72C7D200B97A40 /* Debug */,
				B2351BC91B72C7D200B97A40 /* Release */,
			);
			defaultConfigurationIsVisible = 0;
			defaultConfigurationName = Release;
		};
		B2351BCA1B72C7D200B97A40 /* Build configuration list for PBXNativeTarget "ImagePocket" */ = {
			isa = XCConfigurationList;
			buildConfigurations = (
				B2351BCB1B72C7D200B97A40 /* Debug */,
				B2351BCC1B72C7D200B97A40 /* Release */,
			);
			defaultConfigurationIsVisible = 0;
			defaultConfigurationName = Release;
		};
		B2351BCD1B72C7D200B97A40 /* Build configuration list for PBXNativeTarget "ImagePocketTests" */ = {
			isa = XCConfigurationList;
			buildConfigurations = (
				B2351BCE1B72C7D200B97A40 /* Debug */,
				B2351BCF1B72C7D200B97A40 /* Release */,
			);
			defaultConfigurationIsVisible = 0;
			defaultConfigurationName = Release;
		};
/* End XCConfigurationList section */

/* Begin XCVersionGroup section */
		B2351BB41B72C7D200B97A40 /* ImagePocket.xcdatamodeld */ = {
			isa = XCVersionGroup;
			children = (
				B2351BB51B72C7D200B97A40 /* ImagePocket.xcdatamodel */,
			);
			currentVersion = B2351BB51B72C7D200B97A40 /* ImagePocket.xcdatamodel */;
			path = ImagePocket.xcdatamodeld;
			sourceTree = "<group>";
			versionGroupType = wrapper.xcdatamodel;
		};
/* End XCVersionGroup section */
	};
	rootObject = B2351BA21B72C7D200B97A40 /* Project object */;
}
